
Microsoft Visual Studio Solution File, Format Version 12.00
# Visual Studio Version 16
VisualStudioVersion = 16.0.29613.14
MinimumVisualStudioVersion = 10.0.40219.1
Project("{FAE04EC0-301F-11D3-BF4B-00C04F79EFBC}") = "Task06.MyDB.Entities", "Task06.MyDB.Entities\Task06.MyDB.Entities.csproj", "{9AC675F2-1F0E-48EA-B54D-8BEE806CCCE6}"
EndProject
Project("{2150E333-8FDC-42A3-9474-1A3956D46DE8}") = "Common", "Common", "{883F2A30-5CBB-4F65-A2FA-4A987F043FAE}"
EndProject
Project("{FAE04EC0-301F-11D3-BF4B-00C04F79EFBC}") = "Task06.MyDB.ConsolePL", "Task06.MyDB.ConsolePL\Task06.MyDB.ConsolePL.csproj", "{8D133580-BA6F-4761-95B6-A016EABC4E26}"
EndProject
Project("{FAE04EC0-301F-11D3-BF4B-00C04F79EFBC}") = "Task06.MyDB.DataBase", "Task06.MyDB.DataBase\Task06.MyDB.DataBase.csproj", "{C1FD6CB3-6668-4477-A7D5-C95E9B762DC9}"
EndProject
Project("{2150E333-8FDC-42A3-9474-1A3956D46DE8}") = "PL", "PL", "{7E3B636F-5ACB-4816-8B4A-FF8E4DA2682C}"
EndProject
Project("{2150E333-8FDC-42A3-9474-1A3956D46DE8}") = "DAL", "DAL", "{14BB6449-3EE0-4195-B1F3-C00AA87480F7}"
EndProject
Project("{FAE04EC0-301F-11D3-BF4B-00C04F79EFBC}") = "Task06.MyDB.DAL.Interfaces", "Task06.MyDB.DAL.Interfaces\Task06.MyDB.DAL.Interfaces.csproj", "{B0435FE2-7F80-4B34-B3A1-C78A4F6C21DB}"
EndProject
Project("{FAE04EC0-301F-11D3-BF4B-00C04F79EFBC}") = "Task06.MyDB.DAL", "Task06.MyDB.DAL\Task06.MyDB.DAL.csproj", "{BE1A225D-1B4B-4822-B3E9-2319E76AF694}"
EndProject
Project("{FAE04EC0-301F-11D3-BF4B-00C04F79EFBC}") = "Task06.MyDB.BLL.Interfaces", "Task06.MyDB.BLL.Interfaces\Task06.MyDB.BLL.Interfaces.csproj", "{097BD855-4F4C-4BAE-A68C-3E65960BAB8C}"
EndProject
Project("{2150E333-8FDC-42A3-9474-1A3956D46DE8}") = "BLL", "BLL", "{3C343E0D-3A2B-42BE-B26D-81A543E5DF49}"
EndProject
Project("{FAE04EC0-301F-11D3-BF4B-00C04F79EFBC}") = "Task06.MyDB.BLL", "Task06.MyDB.BLL\Task06.MyDB.BLL.csproj", "{52750DAA-44D2-47CD-B42F-573CD4D405F6}"
EndProject
Project("{FAE04EC0-301F-11D3-BF4B-00C04F79EFBC}") = "Task06.MyDB.IoC", "Task06.MyDB.IoC\Task06.MyDB.IoC.csproj", "{1E0EFB78-7CD0-46FF-9698-9FBA27B53CDD}"
EndProject
Global
	GlobalSection(SolutionConfigurationPlatforms) = preSolution
		Debug|Any CPU = Debug|Any CPU
		Release|Any CPU = Release|Any CPU
	EndGlobalSection
	GlobalSection(ProjectConfigurationPlatforms) = postSolution
		{9AC675F2-1F0E-48EA-B54D-8BEE806CCCE6}.Debug|Any CPU.ActiveCfg = Debug|Any CPU
		{9AC675F2-1F0E-48EA-B54D-8BEE806CCCE6}.Debug|Any CPU.Build.0 = Debug|Any CPU
		{9AC675F2-1F0E-48EA-B54D-8BEE806CCCE6}.Release|Any CPU.ActiveCfg = Release|Any CPU
		{9AC675F2-1F0E-48EA-B54D-8BEE806CCCE6}.Release|Any CPU.Build.0 = Release|Any CPU
		{8D133580-BA6F-4761-95B6-A016EABC4E26}.Debug|Any CPU.ActiveCfg = Debug|Any CPU
		{8D133580-BA6F-4761-95B6-A016EABC4E26}.Debug|Any CPU.Build.0 = Debug|Any CPU
		{8D133580-BA6F-4761-95B6-A016EABC4E26}.Release|Any CPU.ActiveCfg = Release|Any CPU
		{8D133580-BA6F-4761-95B6-A016EABC4E26}.Release|Any CPU.Build.0 = Release|Any CPU
		{C1FD6CB3-6668-4477-A7D5-C95E9B762DC9}.Debug|Any CPU.ActiveCfg = Debug|Any CPU
		{C1FD6CB3-6668-4477-A7D5-C95E9B762DC9}.Debug|Any CPU.Build.0 = Debug|Any CPU
		{C1FD6CB3-6668-4477-A7D5-C95E9B762DC9}.Release|Any CPU.ActiveCfg = Release|Any CPU
		{C1FD6CB3-6668-4477-A7D5-C95E9B762DC9}.Release|Any CPU.Build.0 = Release|Any CPU
		{B0435FE2-7F80-4B34-B3A1-C78A4F6C21DB}.Debug|Any CPU.ActiveCfg = Debug|Any CPU
		{B0435FE2-7F80-4B34-B3A1-C78A4F6C21DB}.Debug|Any CPU.Build.0 = Debug|Any CPU
		{B0435FE2-7F80-4B34-B3A1-C78A4F6C21DB}.Release|Any CPU.ActiveCfg = Release|Any CPU
		{B0435FE2-7F80-4B34-B3A1-C78A4F6C21DB}.Release|Any CPU.Build.0 = Release|Any CPU
		{BE1A225D-1B4B-4822-B3E9-2319E76AF694}.Debug|Any CPU.ActiveCfg = Debug|Any CPU
		{BE1A225D-1B4B-4822-B3E9-2319E76AF694}.Debug|Any CPU.Build.0 = Debug|Any CPU
		{BE1A225D-1B4B-4822-B3E9-2319E76AF694}.Release|Any CPU.ActiveCfg = Release|Any CPU
		{BE1A225D-1B4B-4822-B3E9-2319E76AF694}.Release|Any CPU.Build.0 = Release|Any CPU
		{097BD855-4F4C-4BAE-A68C-3E65960BAB8C}.Debug|Any CPU.ActiveCfg = Debug|Any CPU
		{097BD855-4F4C-4BAE-A68C-3E65960BAB8C}.Debug|Any CPU.Build.0 = Debug|Any CPU
		{097BD855-4F4C-4BAE-A68C-3E65960BAB8C}.Release|Any CPU.ActiveCfg = Release|Any CPU
		{097BD855-4F4C-4BAE-A68C-3E65960BAB8C}.Release|Any CPU.Build.0 = Release|Any CPU
		{52750DAA-44D2-47CD-B42F-573CD4D405F6}.Debug|Any CPU.ActiveCfg = Debug|Any CPU
		{52750DAA-44D2-47CD-B42F-573CD4D405F6}.Debug|Any CPU.Build.0 = Debug|Any CPU
		{52750DAA-44D2-47CD-B42F-573CD4D405F6}.Release|Any CPU.ActiveCfg = Release|Any CPU
		{52750DAA-44D2-47CD-B42F-573CD4D405F6}.Release|Any CPU.Build.0 = Release|Any CPU
		{1E0EFB78-7CD0-46FF-9698-9FBA27B53CDD}.Debug|Any CPU.ActiveCfg = Debug|Any CPU
		{1E0EFB78-7CD0-46FF-9698-9FBA27B53CDD}.Debug|Any CPU.Build.0 = Debug|Any CPU
		{1E0EFB78-7CD0-46FF-9698-9FBA27B53CDD}.Release|Any CPU.ActiveCfg = Release|Any CPU
		{1E0EFB78-7CD0-46FF-9698-9FBA27B53CDD}.Release|Any CPU.Build.0 = Release|Any CPU
	EndGlobalSection
	GlobalSection(SolutionProperties) = preSolution
		HideSolutionNode = FALSE
	EndGlobalSection
	GlobalSection(NestedProjects) = preSolution
		{9AC675F2-1F0E-48EA-B54D-8BEE806CCCE6} = {883F2A30-5CBB-4F65-A2FA-4A987F043FAE}
		{8D133580-BA6F-4761-95B6-A016EABC4E26} = {7E3B636F-5ACB-4816-8B4A-FF8E4DA2682C}
		{C1FD6CB3-6668-4477-A7D5-C95E9B762DC9} = {883F2A30-5CBB-4F65-A2FA-4A987F043FAE}
		{B0435FE2-7F80-4B34-B3A1-C78A4F6C21DB} = {14BB6449-3EE0-4195-B1F3-C00AA87480F7}
		{BE1A225D-1B4B-4822-B3E9-2319E76AF694} = {14BB6449-3EE0-4195-B1F3-C00AA87480F7}
		{097BD855-4F4C-4BAE-A68C-3E65960BAB8C} = {3C343E0D-3A2B-42BE-B26D-81A543E5DF49}
		{52750DAA-44D2-47CD-B42F-573CD4D405F6} = {3C343E0D-3A2B-42BE-B26D-81A543E5DF49}
		{1E0EFB78-7CD0-46FF-9698-9FBA27B53CDD} = {883F2A30-5CBB-4F65-A2FA-4A987F043FAE}
	EndGlobalSection
	GlobalSection(ExtensibilityGlobals) = postSolution
		SolutionGuid = {98AFC347-69DB-41A9-9178-8B2E6FEE5C80}
	EndGlobalSection
EndGlobal
