
Microsoft Visual Studio Solution File, Format Version 12.00
# Visual Studio Version 16
VisualStudioVersion = 16.0.29613.14
MinimumVisualStudioVersion = 10.0.40219.1
Project("{FAE04EC0-301F-11D3-BF4B-00C04F79EFBC}") = "Task06.ConsolePL", "Task06.ConsolePL\Task06.ConsolePL.csproj", "{40BF9782-D37E-48E0-9932-53F6EF406064}"
EndProject
Project("{FAE04EC0-301F-11D3-BF4B-00C04F79EFBC}") = "Task06.BLL", "Task06.BLL\Task06.BLL.csproj", "{8A7BB040-E728-42A5-8E0B-A954F4CF8D6A}"
EndProject
Project("{FAE04EC0-301F-11D3-BF4B-00C04F79EFBC}") = "Task06.BLL.Interfaces", "Task06.BLL.Interfaces\Task06.BLL.Interfaces.csproj", "{5CCB6B50-BFF6-42EA-883C-D57EBF420998}"
EndProject
Project("{FAE04EC0-301F-11D3-BF4B-00C04F79EFBC}") = "Task06.DAL", "Task06.DAL\Task06.DAL.csproj", "{7A107A76-BC0F-4C07-920F-A39A843CCBD3}"
EndProject
Project("{FAE04EC0-301F-11D3-BF4B-00C04F79EFBC}") = "Task06.DAL.Interfaces", "Task06.DAL.Interfaces\Task06.DAL.Interfaces.csproj", "{D30783A7-F707-4031-9AA1-ABC672FD661B}"
EndProject
Project("{FAE04EC0-301F-11D3-BF4B-00C04F79EFBC}") = "Task06.Entities", "Task06.Entities\Task06.Entities.csproj", "{490C6042-6ECD-4826-A2EB-4C0E43A06FCC}"
EndProject
Project("{2150E333-8FDC-42A3-9474-1A3956D46DE8}") = "BLL", "BLL", "{DED500BB-5234-4396-8752-C3ADE3A2CFB2}"
EndProject
Project("{2150E333-8FDC-42A3-9474-1A3956D46DE8}") = "PL", "PL", "{0D0F920C-BDC9-4EDC-9DFE-DB58AF43E3E7}"
EndProject
Project("{2150E333-8FDC-42A3-9474-1A3956D46DE8}") = "DAL", "DAL", "{4E892EAA-4DD7-4B6D-A0A6-0DDFA9AA08CB}"
EndProject
Project("{2150E333-8FDC-42A3-9474-1A3956D46DE8}") = "Common", "Common", "{A0942C69-AD99-40DB-81F4-87D9057D02C2}"
EndProject
Project("{FAE04EC0-301F-11D3-BF4B-00C04F79EFBC}") = "Task06.Ioc", "Task06.Ioc\Task06.Ioc.csproj", "{CF48A758-48D5-41FF-AFFE-8FD0DE1E47FB}"
EndProject
Global
	GlobalSection(SolutionConfigurationPlatforms) = preSolution
		Debug|Any CPU = Debug|Any CPU
		Release|Any CPU = Release|Any CPU
	EndGlobalSection
	GlobalSection(ProjectConfigurationPlatforms) = postSolution
		{40BF9782-D37E-48E0-9932-53F6EF406064}.Debug|Any CPU.ActiveCfg = Debug|Any CPU
		{40BF9782-D37E-48E0-9932-53F6EF406064}.Debug|Any CPU.Build.0 = Debug|Any CPU
		{40BF9782-D37E-48E0-9932-53F6EF406064}.Release|Any CPU.ActiveCfg = Release|Any CPU
		{40BF9782-D37E-48E0-9932-53F6EF406064}.Release|Any CPU.Build.0 = Release|Any CPU
		{8A7BB040-E728-42A5-8E0B-A954F4CF8D6A}.Debug|Any CPU.ActiveCfg = Debug|Any CPU
		{8A7BB040-E728-42A5-8E0B-A954F4CF8D6A}.Debug|Any CPU.Build.0 = Debug|Any CPU
		{8A7BB040-E728-42A5-8E0B-A954F4CF8D6A}.Release|Any CPU.ActiveCfg = Release|Any CPU
		{8A7BB040-E728-42A5-8E0B-A954F4CF8D6A}.Release|Any CPU.Build.0 = Release|Any CPU
		{5CCB6B50-BFF6-42EA-883C-D57EBF420998}.Debug|Any CPU.ActiveCfg = Debug|Any CPU
		{5CCB6B50-BFF6-42EA-883C-D57EBF420998}.Debug|Any CPU.Build.0 = Debug|Any CPU
		{5CCB6B50-BFF6-42EA-883C-D57EBF420998}.Release|Any CPU.ActiveCfg = Release|Any CPU
		{5CCB6B50-BFF6-42EA-883C-D57EBF420998}.Release|Any CPU.Build.0 = Release|Any CPU
		{7A107A76-BC0F-4C07-920F-A39A843CCBD3}.Debug|Any CPU.ActiveCfg = Debug|Any CPU
		{7A107A76-BC0F-4C07-920F-A39A843CCBD3}.Debug|Any CPU.Build.0 = Debug|Any CPU
		{7A107A76-BC0F-4C07-920F-A39A843CCBD3}.Release|Any CPU.ActiveCfg = Release|Any CPU
		{7A107A76-BC0F-4C07-920F-A39A843CCBD3}.Release|Any CPU.Build.0 = Release|Any CPU
		{D30783A7-F707-4031-9AA1-ABC672FD661B}.Debug|Any CPU.ActiveCfg = Debug|Any CPU
		{D30783A7-F707-4031-9AA1-ABC672FD661B}.Debug|Any CPU.Build.0 = Debug|Any CPU
		{D30783A7-F707-4031-9AA1-ABC672FD661B}.Release|Any CPU.ActiveCfg = Release|Any CPU
		{D30783A7-F707-4031-9AA1-ABC672FD661B}.Release|Any CPU.Build.0 = Release|Any CPU
		{490C6042-6ECD-4826-A2EB-4C0E43A06FCC}.Debug|Any CPU.ActiveCfg = Debug|Any CPU
		{490C6042-6ECD-4826-A2EB-4C0E43A06FCC}.Debug|Any CPU.Build.0 = Debug|Any CPU
		{490C6042-6ECD-4826-A2EB-4C0E43A06FCC}.Release|Any CPU.ActiveCfg = Release|Any CPU
		{490C6042-6ECD-4826-A2EB-4C0E43A06FCC}.Release|Any CPU.Build.0 = Release|Any CPU
		{CF48A758-48D5-41FF-AFFE-8FD0DE1E47FB}.Debug|Any CPU.ActiveCfg = Debug|Any CPU
		{CF48A758-48D5-41FF-AFFE-8FD0DE1E47FB}.Debug|Any CPU.Build.0 = Debug|Any CPU
		{CF48A758-48D5-41FF-AFFE-8FD0DE1E47FB}.Release|Any CPU.ActiveCfg = Release|Any CPU
		{CF48A758-48D5-41FF-AFFE-8FD0DE1E47FB}.Release|Any CPU.Build.0 = Release|Any CPU
	EndGlobalSection
	GlobalSection(SolutionProperties) = preSolution
		HideSolutionNode = FALSE
	EndGlobalSection
	GlobalSection(NestedProjects) = preSolution
		{40BF9782-D37E-48E0-9932-53F6EF406064} = {0D0F920C-BDC9-4EDC-9DFE-DB58AF43E3E7}
		{8A7BB040-E728-42A5-8E0B-A954F4CF8D6A} = {DED500BB-5234-4396-8752-C3ADE3A2CFB2}
		{5CCB6B50-BFF6-42EA-883C-D57EBF420998} = {DED500BB-5234-4396-8752-C3ADE3A2CFB2}
		{7A107A76-BC0F-4C07-920F-A39A843CCBD3} = {4E892EAA-4DD7-4B6D-A0A6-0DDFA9AA08CB}
		{D30783A7-F707-4031-9AA1-ABC672FD661B} = {4E892EAA-4DD7-4B6D-A0A6-0DDFA9AA08CB}
		{490C6042-6ECD-4826-A2EB-4C0E43A06FCC} = {A0942C69-AD99-40DB-81F4-87D9057D02C2}
		{CF48A758-48D5-41FF-AFFE-8FD0DE1E47FB} = {A0942C69-AD99-40DB-81F4-87D9057D02C2}
	EndGlobalSection
	GlobalSection(ExtensibilityGlobals) = postSolution
		SolutionGuid = {83B7689F-E04B-47ED-9D87-9A363DADB742}
	EndGlobalSection
EndGlobal
